
Microsoft Visual Studio Solution File, Format Version 12.00
# Visual Studio Version 17
VisualStudioVersion = 17.2.32630.192
MinimumVisualStudioVersion = 10.0.40219.1
Project("{FAE04EC0-301F-11D3-BF4B-00C04F79EFBC}") = "NoCapasMVC", "NoCapasMVC\NoCapasMVC.csproj", "{74FF337A-9A85-413D-8528-0F6BF2356C7B}"
EndProject
Global
	GlobalSection(SolutionConfigurationPlatforms) = preSolution
		Debug|Any CPU = Debug|Any CPU
		Release|Any CPU = Release|Any CPU
	EndGlobalSection
	GlobalSection(ProjectConfigurationPlatforms) = postSolution
		{74FF337A-9A85-413D-8528-0F6BF2356C7B}.Debug|Any CPU.ActiveCfg = Debug|Any CPU
		{74FF337A-9A85-413D-8528-0F6BF2356C7B}.Debug|Any CPU.Build.0 = Debug|Any CPU
		{74FF337A-9A85-413D-8528-0F6BF2356C7B}.Release|Any CPU.ActiveCfg = Release|Any CPU
		{74FF337A-9A85-413D-8528-0F6BF2356C7B}.Release|Any CPU.Build.0 = Release|Any CPU
	EndGlobalSection
	GlobalSection(SolutionProperties) = preSolution
		HideSolutionNode = FALSE
	EndGlobalSection
	GlobalSection(ExtensibilityGlobals) = postSolution
		SolutionGuid = {A6762746-2CC6-4C89-BF63-7456C82942AF}
	EndGlobalSection
EndGlobal
